// !$*UTF8*$!
{
	archiveVersion = 1;
	classes = {
	};
	objectVersion = 48;
	objects = {

/* Begin PBXBuildFile section */
		DA15FD391FA0202F00E60278 /* main.m in Sources */ = {isa = PBXBuildFile; fileRef = DA15FD381FA0202F00E60278 /* main.m */; };
		DA5E5CF51FA14EB800F69E6B /* BassoonSession.m in Sources */ = {isa = PBXBuildFile; fileRef = DA5E5CF41FA14EB800F69E6B /* BassoonSession.m */; };
/* End PBXBuildFile section */

/* Begin PBXCopyFilesBuildPhase section */
		DA15FD331FA0202F00E60278 /* CopyFiles */ = {
			isa = PBXCopyFilesBuildPhase;
			buildActionMask = 2147483647;
			dstPath = /usr/share/man/man1/;
			dstSubfolderSpec = 0;
			files = (
			);
			runOnlyForDeploymentPostprocessing = 1;
		};
/* End PBXCopyFilesBuildPhase section */

/* Begin PBXFileReference section */
		DA15FD351FA0202F00E60278 /* potential-bassoon */ = {isa = PBXFileReference; explicitFileType = "compiled.mach-o.executable"; includeInIndex = 0; path = "potential-bassoon"; sourceTree = BUILT_PRODUCTS_DIR; };
		DA15FD381FA0202F00E60278 /* main.m */ = {isa = PBXFileReference; lastKnownFileType = sourcecode.c.objc; path = main.m; sourceTree = "<group>"; };
		DA5E5CF31FA14EB800F69E6B /* BassoonSession.h */ = {isa = PBXFileReference; lastKnownFileType = sourcecode.c.h; path = BassoonSession.h; sourceTree = "<group>"; };
		DA5E5CF41FA14EB800F69E6B /* BassoonSession.m */ = {isa = PBXFileReference; lastKnownFileType = sourcecode.c.objc; path = BassoonSession.m; sourceTree = "<group>"; };
		DA5E5CF61FA169EA00F69E6B /* BassoonSession_Private.h */ = {isa = PBXFileReference; lastKnownFileType = sourcecode.c.h; path = BassoonSession_Private.h; sourceTree = "<group>"; };
/* End PBXFileReference section */

/* Begin PBXFrameworksBuildPhase section */
		DA15FD321FA0202F00E60278 /* Frameworks */ = {
			isa = PBXFrameworksBuildPhase;
			buildActionMask = 2147483647;
			files = (
			);
			runOnlyForDeploymentPostprocessing = 0;
		};
/* End PBXFrameworksBuildPhase section */

/* Begin PBXGroup section */
		DA15FD2C1FA0202F00E60278 = {
			isa = PBXGroup;
			children = (
				DA15FD371FA0202F00E60278 /* potential-bassoon */,
				DA15FD361FA0202F00E60278 /* Products */,
			);
			sourceTree = "<group>";
		};
		DA15FD361FA0202F00E60278 /* Products */ = {
			isa = PBXGroup;
			children = (
				DA15FD351FA0202F00E60278 /* potential-bassoon */,
			);
			name = Products;
			sourceTree = "<group>";
		};
		DA15FD371FA0202F00E60278 /* potential-bassoon */ = {
			isa = PBXGroup;
			children = (
				DA15FD381FA0202F00E60278 /* main.m */,
				DA5E5CF31FA14EB800F69E6B /* BassoonSession.h */,
				DA5E5CF61FA169EA00F69E6B /* BassoonSession_Private.h */,
				DA5E5CF41FA14EB800F69E6B /* BassoonSession.m */,
			);
			path = "potential-bassoon";
			sourceTree = "<group>";
		};
/* End PBXGroup section */

/* Begin PBXNativeTarget section */
		DA15FD341FA0202F00E60278 /* potential-bassoon */ = {
			isa = PBXNativeTarget;
			buildConfigurationList = DA15FD3C1FA0202F00E60278 /* Build configuration list for PBXNativeTarget "potential-bassoon" */;
			buildPhases = (
				DA15FD311FA0202F00E60278 /* Sources */,
				DA15FD321FA0202F00E60278 /* Frameworks */,
				DA15FD331FA0202F00E60278 /* CopyFiles */,
			);
			buildRules = (
			);
			dependencies = (
			);
			name = "potential-bassoon";
			productName = "potential-bassoon";
			productReference = DA15FD351FA0202F00E60278 /* potential-bassoon */;
			productType = "com.apple.product-type.tool";
		};
/* End PBXNativeTarget section */

/* Begin PBXProject section */
		DA15FD2D1FA0202F00E60278 /* Project object */ = {
			isa = PBXProject;
			attributes = {
				LastUpgradeCheck = 0900;
				ORGANIZATIONNAME = "Dustin Pfannenstiel";
				TargetAttributes = {
					DA15FD341FA0202F00E60278 = {
						CreatedOnToolsVersion = 9.0.1;
						ProvisioningStyle = Automatic;
					};
				};
			};
			buildConfigurationList = DA15FD301FA0202F00E60278 /* Build configuration list for PBXProject "potential-bassoon" */;
			compatibilityVersion = "Xcode 8.0";
			developmentRegion = en;
			hasScannedForEncodings = 0;
			knownRegions = (
				en,
			);
			mainGroup = DA15FD2C1FA0202F00E60278;
			productRefGroup = DA15FD361FA0202F00E60278 /* Products */;
			projectDirPath = "";
			projectRoot = "";
			targets = (
				DA15FD341FA0202F00E60278 /* potential-bassoon */,
			);
		};
/* End PBXProject section */

/* Begin PBXSourcesBuildPhase section */
		DA15FD311FA0202F00E60278 /* Sources */ = {
			isa = PBXSourcesBuildPhase;
			buildActionMask = 2147483647;
			files = (
				DA5E5CF51FA14EB800F69E6B /* BassoonSession.m in Sources */,
				DA15FD391FA0202F00E60278 /* main.m in Sources */,
			);
			runOnlyForDeploymentPostprocessing = 0;
		};
/* End PBXSourcesBuildPhase section */

/* Begin XCBuildConfiguration section */
		DA15FD3A1FA0202F00E60278 /* Debug */ = {
			isa = XCBuildConfiguration;
			buildSettings = {
				ALWAYS_SEARCH_USER_PATHS = NO;
				CLANG_ANALYZER_NONNULL = YES;
				CLANG_ANALYZER_NUMBER_OBJECT_CONVERSION = YES_AGGRESSIVE;
				CLANG_CXX_LANGUAGE_STANDARD = "gnu++14";
				CLANG_CXX_LIBRARY = "libc++";
				CLANG_ENABLE_MODULES = YES;
				CLANG_ENABLE_OBJC_ARC = YES;
				CLANG_WARN_BLOCK_CAPTURE_AUTORELEASING = YES;
				CLANG_WARN_BOOL_CONVERSION = YES;
				CLANG_WARN_COMMA = YES;
				CLANG_WARN_CONSTANT_CONVERSION = YES;
				CLANG_WARN_DIRECT_OBJC_ISA_USAGE = YES_ERROR;
				CLANG_WARN_DOCUMENTATION_COMMENTS = YES;
				CLANG_WARN_EMPTY_BODY = YES;
				CLANG_WARN_ENUM_CONVERSION = YES;
				CLANG_WARN_INFINITE_RECURSION = YES;
				CLANG_WARN_INT_CONVERSION = YES;
				CLANG_WARN_NON_LITERAL_NULL_CONVERSION = YES;
				CLANG_WARN_OBJC_LITERAL_CONVERSION = YES;
				CLANG_WARN_OBJC_ROOT_CLASS = YES_ERROR;
				CLANG_WARN_RANGE_LOOP_ANALYSIS = YES;
				CLANG_WARN_STRICT_PROTOTYPES = YES;
				CLANG_WARN_SUSPICIOUS_MOVE = YES;
				CLANG_WARN_UNGUARDED_AVAILABILITY = YES_AGGRESSIVE;
				CLANG_WARN_UNREACHABLE_CODE = YES;
				CLANG_WARN__DUPLICATE_METHOD_MATCH = YES;
				CODE_SIGN_IDENTITY = "Mac Developer";
				COPY_PHASE_STRIP = NO;
				DEBUG_INFORMATION_FORMAT = dwarf;
				ENABLE_STRICT_OBJC_MSGSEND = YES;
				ENABLE_TESTABILITY = YES;
				GCC_C_LANGUAGE_STANDARD = gnu11;
				GCC_DYNAMIC_NO_PIC = NO;
				GCC_NO_COMMON_BLOCKS = YES;
				GCC_OPTIMIZATION_LEVEL = 0;
				GCC_PREPROCESSOR_DEFINITIONS = (
					"DEBUG=1",
					"$(inherited)",
				);
				GCC_WARN_64_TO_32_BIT_CONVERSION = YES;
				GCC_WARN_ABOUT_RETURN_TYPE = YES_ERROR;
				GCC_WARN_UNDECLARED_SELECTOR = YES;
				GCC_WARN_UNINITIALIZED_AUTOS = YES_AGGRESSIVE;
				GCC_WARN_UNUSED_FUNCTION = YES;
				GCC_WARN_UNUSED_VARIABLE = YES;
				MACOSX_DEPLOYMENT_TARGET = 10.13;
				MTL_ENABLE_DEBUG_INFO = YES;
				ONLY_ACTIVE_ARCH = YES;
				SDKROOT = macosx;
			};
			name = Debug;
		};
		DA15FD3B1FA0202F00E60278 /* Release */ = {
			isa = XCBuildConfiguration;
			buildSettings = {
				ALWAYS_SEARCH_USER_PATHS = NO;
				CLANG_ANALYZER_NONNULL = YES;
				CLANG_ANALYZER_NUMBER_OBJECT_CONVERSION = YES_AGGRESSIVE;
				CLANG_CXX_LANGUAGE_STANDARD = "gnu++14";
				CLANG_CXX_LIBRARY = "libc++";
				CLANG_ENABLE_MODULES = YES;
				CLANG_ENABLE_OBJC_ARC = YES;
				CLANG_WARN_BLOCK_CAPTURE_AUTORELEASING = YES;
				CLANG_WARN_BOOL_CONVERSION = YES;
				CLANG_WARN_COMMA = YES;
				CLANG_WARN_CONSTANT_CONVERSION = YES;
				CLANG_WARN_DIRECT_OBJC_ISA_USAGE = YES_ERROR;
				CLANG_WARN_DOCUMENTATION_COMMENTS = YES;
				CLANG_WARN_EMPTY_BODY = YES;
				CLANG_WARN_ENUM_CONVERSION = YES;
				CLANG_WARN_INFINITE_RECURSION = YES;
				CLANG_WARN_INT_CONVERSION = YES;
				CLANG_WARN_NON_LITERAL_NULL_CONVERSION = YES;
				CLANG_WARN_OBJC_LITERAL_CONVERSION = YES;
				CLANG_WARN_OBJC_ROOT_CLASS = YES_ERROR;
				CLANG_WARN_RANGE_LOOP_ANALYSIS = YES;
				CLANG_WARN_STRICT_PROTOTYPES = YES;
				CLANG_WARN_SUSPICIOUS_MOVE = YES;
				CLANG_WARN_UNGUARDED_AVAILABILITY = YES_AGGRESSIVE;
				CLANG_WARN_UNREACHABLE_CODE = YES;
				CLANG_WARN__DUPLICATE_METHOD_MATCH = YES;
				CODE_SIGN_IDENTITY = "Mac Developer";
				COPY_PHASE_STRIP = NO;
				DEBUG_INFORMATION_FORMAT = "dwarf-with-dsym";
				ENABLE_NS_ASSERTIONS = NO;
				ENABLE_STRICT_OBJC_MSGSEND = YES;
				GCC_C_LANGUAGE_STANDARD = gnu11;
				GCC_NO_COMMON_BLOCKS = YES;
				GCC_WARN_64_TO_32_BIT_CONVERSION = YES;
				GCC_WARN_ABOUT_RETURN_TYPE = YES_ERROR;
				GCC_WARN_UNDECLARED_SELECTOR = YES;
				GCC_WARN_UNINITIALIZED_AUTOS = YES_AGGRESSIVE;
				GCC_WARN_UNUSED_FUNCTION = YES;
				GCC_WARN_UNUSED_VARIABLE = YES;
				MACOSX_DEPLOYMENT_TARGET = 10.13;
				MTL_ENABLE_DEBUG_INFO = NO;
				SDKROOT = macosx;
			};
			name = Release;
		};
		DA15FD3D1FA0202F00E60278 /* Debug */ = {
			isa = XCBuildConfiguration;
			buildSettings = {
				CODE_SIGN_STYLE = Automatic;
				DEVELOPMENT_TEAM = XC37WA9QLK;
				PRODUCT_NAME = "$(TARGET_NAME)";
			};
			name = Debug;
		};
		DA15FD3E1FA0202F00E60278 /* Release */ = {
			isa = XCBuildConfiguration;
			buildSettings = {
				CODE_SIGN_STYLE = Automatic;
				DEVELOPMENT_TEAM = XC37WA9QLK;
				PRODUCT_NAME = "$(TARGET_NAME)";
			};
			name = Release;
		};
/* End XCBuildConfiguration section */

/* Begin XCConfigurationList section */
		DA15FD301FA0202F00E60278 /* Build configuration list for PBXProject "potential-bassoon" */ = {
			isa = XCConfigurationList;
			buildConfigurations = (
				DA15FD3A1FA0202F00E60278 /* Debug */,
				DA15FD3B1FA0202F00E60278 /* Release */,
			);
			defaultConfigurationIsVisible = 0;
			defaultConfigurationName = Release;
		};
		DA15FD3C1FA0202F00E60278 /* Build configuration list for PBXNativeTarget "potential-bassoon" */ = {
			isa = XCConfigurationList;
			buildConfigurations = (
				DA15FD3D1FA0202F00E60278 /* Debug */,
				DA15FD3E1FA0202F00E60278 /* Release */,
			);
			defaultConfigurationIsVisible = 0;
			defaultConfigurationName = Release;
		};
/* End XCConfigurationList section */
	};
	rootObject = DA15FD2D1FA0202F00E60278 /* Project object */;
}
